
Microsoft Visual Studio Solution File, Format Version 12.00
# Visual Studio 14
VisualStudioVersion = 14.0.25420.1
MinimumVisualStudioVersion = 10.0.40219.1
Project("{FAE04EC0-301F-11D3-BF4B-00C04F79EFBC}") = "LendingGitWorkshop", "LendingGitWorkshop\LendingGitWorkshop.csproj", "{AD6E8890-7969-4C83-81D0-700A864BE66E}"
EndProject
Project("{FAE04EC0-301F-11D3-BF4B-00C04F79EFBC}") = "SupportClasses", "SupportClasses\SupportClasses.csproj", "{C8BE695B-B3BB-4574-9009-5E0F84C7B6A6}"
EndProject
Global
	GlobalSection(SolutionConfigurationPlatforms) = preSolution
		Debug|Any CPU = Debug|Any CPU
		Release|Any CPU = Release|Any CPU
	EndGlobalSection
	GlobalSection(ProjectConfigurationPlatforms) = postSolution
		{AD6E8890-7969-4C83-81D0-700A864BE66E}.Debug|Any CPU.ActiveCfg = Debug|Any CPU
		{AD6E8890-7969-4C83-81D0-700A864BE66E}.Debug|Any CPU.Build.0 = Debug|Any CPU
		{AD6E8890-7969-4C83-81D0-700A864BE66E}.Release|Any CPU.ActiveCfg = Release|Any CPU
		{AD6E8890-7969-4C83-81D0-700A864BE66E}.Release|Any CPU.Build.0 = Release|Any CPU
		{C8BE695B-B3BB-4574-9009-5E0F84C7B6A6}.Debug|Any CPU.ActiveCfg = Debug|Any CPU
		{C8BE695B-B3BB-4574-9009-5E0F84C7B6A6}.Debug|Any CPU.Build.0 = Debug|Any CPU
		{C8BE695B-B3BB-4574-9009-5E0F84C7B6A6}.Release|Any CPU.ActiveCfg = Release|Any CPU
		{C8BE695B-B3BB-4574-9009-5E0F84C7B6A6}.Release|Any CPU.Build.0 = Release|Any CPU
	EndGlobalSection
	GlobalSection(SolutionProperties) = preSolution
		HideSolutionNode = FALSE
	EndGlobalSection
EndGlobal
